PODS:
  - Realm (4.3.1):
    - Realm/Headers (= 4.3.1)
  - Realm/Headers (4.3.1)
  - RealmSwift (4.3.1):
    - Realm (= 4.3.1)

DEPENDENCIES:
  - RealmSwift

SPEC REPOS:
  trunk:
    - Realm
    - RealmSwift

SPEC CHECKSUMS:
  Realm: 31dc40934081ef740f60feedc46d88473cbfeb40
  RealmSwift: b5199e9a41f67b99f51acf6874a6166f5fbe93d1

PODFILE CHECKSUM: b2bf6e8a64dae8e42cc272142d2154440bb38879

COCOAPODS: 1.8.4
